
Microsoft Visual Studio Solution File, Format Version 12.00
# Visual Studio Version 16
VisualStudioVersion = 16.0.33529.622
MinimumVisualStudioVersion = 10.0.40219.1
Project("{FAE04EC0-301F-11D3-BF4B-00C04F79EFBC}") = "TheWayShopProject", "TheWayShopProject\TheWayShopProject.csproj", "{228ECC78-092C-4A3F-A8DC-58AE32028F5F}"
EndProject
Global
	GlobalSection(SolutionConfigurationPlatforms) = preSolution
		Debug|Any CPU = Debug|Any CPU
		Release|Any CPU = Release|Any CPU
	EndGlobalSection
	GlobalSection(ProjectConfigurationPlatforms) = postSolution
		{228ECC78-092C-4A3F-A8DC-58AE32028F5F}.Debug|Any CPU.ActiveCfg = Debug|Any CPU
		{228ECC78-092C-4A3F-A8DC-58AE32028F5F}.Debug|Any CPU.Build.0 = Debug|Any CPU
		{228ECC78-092C-4A3F-A8DC-58AE32028F5F}.Release|Any CPU.ActiveCfg = Release|Any CPU
		{228ECC78-092C-4A3F-A8DC-58AE32028F5F}.Release|Any CPU.Build.0 = Release|Any CPU
	EndGlobalSection
	GlobalSection(SolutionProperties) = preSolution
		HideSolutionNode = FALSE
	EndGlobalSection
	GlobalSection(ExtensibilityGlobals) = postSolution
		SolutionGuid = {D3CE109B-93BE-4473-BB19-DFDE0D012892}
	EndGlobalSection
EndGlobal
